
Microsoft Visual Studio Solution File, Format Version 12.00
# Visual Studio Version 17
VisualStudioVersion = 17.14.36414.22 d17.14
MinimumVisualStudioVersion = 10.0.40219.1
Project("{FAE04EC0-301F-11D3-BF4B-00C04F79EFBC}") = "UI.NumerosAleatorios", "UI.NumerosAleatorios\UI.NumerosAleatorios.csproj", "{8552366D-36A1-402E-97CA-BC54DA8723CD}"
EndProject
Global
	GlobalSection(SolutionConfigurationPlatforms) = preSolution
		Debug|Any CPU = Debug|Any CPU
		Release|Any CPU = Release|Any CPU
	EndGlobalSection
	GlobalSection(ProjectConfigurationPlatforms) = postSolution
		{8552366D-36A1-402E-97CA-BC54DA8723CD}.Debug|Any CPU.ActiveCfg = Debug|Any CPU
		{8552366D-36A1-402E-97CA-BC54DA8723CD}.Debug|Any CPU.Build.0 = Debug|Any CPU
		{8552366D-36A1-402E-97CA-BC54DA8723CD}.Release|Any CPU.ActiveCfg = Release|Any CPU
		{8552366D-36A1-402E-97CA-BC54DA8723CD}.Release|Any CPU.Build.0 = Release|Any CPU
	EndGlobalSection
	GlobalSection(SolutionProperties) = preSolution
		HideSolutionNode = FALSE
	EndGlobalSection
	GlobalSection(ExtensibilityGlobals) = postSolution
		SolutionGuid = {A8FC3B86-36BA-49A4-BBC4-9F9CA0CD4D11}
	EndGlobalSection
EndGlobal
